
Microsoft Visual Studio Solution File, Format Version 12.00
# Visual Studio Version 17
VisualStudioVersion = 17.7.34024.191
MinimumVisualStudioVersion = 10.0.40219.1
Project("{FAE04EC0-301F-11D3-BF4B-00C04F79EFBC}") = "RFIDScanApplication", "RFIDScanApplication.csproj", "{759BC91D-3ED2-41FE-B4C4-12632A4E8230}"
EndProject
Global
	GlobalSection(SolutionConfigurationPlatforms) = preSolution
		Debug|Any CPU = Debug|Any CPU
		Release|Any CPU = Release|Any CPU
	EndGlobalSection
	GlobalSection(ProjectConfigurationPlatforms) = postSolution
		{759BC91D-3ED2-41FE-B4C4-12632A4E8230}.Debug|Any CPU.ActiveCfg = Debug|Any CPU
		{759BC91D-3ED2-41FE-B4C4-12632A4E8230}.Debug|Any CPU.Build.0 = Debug|Any CPU
		{759BC91D-3ED2-41FE-B4C4-12632A4E8230}.Release|Any CPU.ActiveCfg = Release|Any CPU
		{759BC91D-3ED2-41FE-B4C4-12632A4E8230}.Release|Any CPU.Build.0 = Release|Any CPU
	EndGlobalSection
	GlobalSection(SolutionProperties) = preSolution
		HideSolutionNode = FALSE
	EndGlobalSection
	GlobalSection(ExtensibilityGlobals) = postSolution
		SolutionGuid = {78507D13-E681-4A53-9E23-0D850B2D1EFE}
	EndGlobalSection
EndGlobal
